
Microsoft Visual Studio Solution File, Format Version 12.00
# Visual Studio Version 17
VisualStudioVersion = 17.14.36511.14 d17.14
MinimumVisualStudioVersion = 10.0.40219.1
Project("{FAE04EC0-301F-11D3-BF4B-00C04F79EFBC}") = "InvoiceSystem.Wpf", "InvoiceSystem.Wpf\InvoiceSystem.Wpf.csproj", "{C5BD389A-1EF2-418E-8FE9-56ED527CA24B}"
EndProject
Global
	GlobalSection(SolutionConfigurationPlatforms) = preSolution
		Debug|Any CPU = Debug|Any CPU
		Release|Any CPU = Release|Any CPU
	EndGlobalSection
	GlobalSection(ProjectConfigurationPlatforms) = postSolution
		{C5BD389A-1EF2-418E-8FE9-56ED527CA24B}.Debug|Any CPU.ActiveCfg = Debug|Any CPU
		{C5BD389A-1EF2-418E-8FE9-56ED527CA24B}.Debug|Any CPU.Build.0 = Debug|Any CPU
		{C5BD389A-1EF2-418E-8FE9-56ED527CA24B}.Release|Any CPU.ActiveCfg = Release|Any CPU
		{C5BD389A-1EF2-418E-8FE9-56ED527CA24B}.Release|Any CPU.Build.0 = Release|Any CPU
	EndGlobalSection
	GlobalSection(SolutionProperties) = preSolution
		HideSolutionNode = FALSE
	EndGlobalSection
	GlobalSection(ExtensibilityGlobals) = postSolution
		SolutionGuid = {932A9B6A-834B-4897-9F2D-287398D97A1E}
	EndGlobalSection
EndGlobal
